
Microsoft Visual Studio Solution File, Format Version 12.00
# Visual Studio Version 17
VisualStudioVersion = 17.13.35806.99 d17.13
MinimumVisualStudioVersion = 10.0.40219.1
Project("{FAE04EC0-301F-11D3-BF4B-00C04F79EFBC}") = "Final_Project", "Final_Project\Final_Project.csproj", "{AF76F83D-7D44-4931-A892-72A45D6E9185}"
EndProject
Global
	GlobalSection(SolutionConfigurationPlatforms) = preSolution
		Debug|Any CPU = Debug|Any CPU
		Release|Any CPU = Release|Any CPU
	EndGlobalSection
	GlobalSection(ProjectConfigurationPlatforms) = postSolution
		{AF76F83D-7D44-4931-A892-72A45D6E9185}.Debug|Any CPU.ActiveCfg = Debug|Any CPU
		{AF76F83D-7D44-4931-A892-72A45D6E9185}.Debug|Any CPU.Build.0 = Debug|Any CPU
		{AF76F83D-7D44-4931-A892-72A45D6E9185}.Release|Any CPU.ActiveCfg = Release|Any CPU
		{AF76F83D-7D44-4931-A892-72A45D6E9185}.Release|Any CPU.Build.0 = Release|Any CPU
	EndGlobalSection
	GlobalSection(SolutionProperties) = preSolution
		HideSolutionNode = FALSE
	EndGlobalSection
	GlobalSection(ExtensibilityGlobals) = postSolution
		SolutionGuid = {462B8790-0E70-427B-9BFE-1B3D70200083}
	EndGlobalSection
EndGlobal
